
Microsoft Visual Studio Solution File, Format Version 12.00
# Visual Studio Version 17
VisualStudioVersion = 17.8.34112.27
MinimumVisualStudioVersion = 10.0.40219.1
Project("{FAE04EC0-301F-11D3-BF4B-00C04F79EFBC}") = "StudentHelpDesk", "StudentHelpDesk\StudentHelpDesk.csproj", "{4FBF436E-70E4-48E9-AC2B-993CE3EADFF9}"
EndProject
Global
	GlobalSection(SolutionConfigurationPlatforms) = preSolution
		Debug|Any CPU = Debug|Any CPU
		Release|Any CPU = Release|Any CPU
	EndGlobalSection
	GlobalSection(ProjectConfigurationPlatforms) = postSolution
		{4FBF436E-70E4-48E9-AC2B-993CE3EADFF9}.Debug|Any CPU.ActiveCfg = Debug|Any CPU
		{4FBF436E-70E4-48E9-AC2B-993CE3EADFF9}.Debug|Any CPU.Build.0 = Debug|Any CPU
		{4FBF436E-70E4-48E9-AC2B-993CE3EADFF9}.Release|Any CPU.ActiveCfg = Release|Any CPU
		{4FBF436E-70E4-48E9-AC2B-993CE3EADFF9}.Release|Any CPU.Build.0 = Release|Any CPU
	EndGlobalSection
	GlobalSection(SolutionProperties) = preSolution
		HideSolutionNode = FALSE
	EndGlobalSection
	GlobalSection(ExtensibilityGlobals) = postSolution
		SolutionGuid = {249BBDD4-B502-462E-A648-6182BD77593D}
	EndGlobalSection
EndGlobal
